// !$*UTF8*$!
{
	archiveVersion = 1;
	classes = {
	};
	objectVersion = 77;
	objects = {

/* Begin PBXBuildFile section */
		0AD77EB1DCCAE776C9850005 /* AppState.swift in Sources */ = {isa = PBXBuildFile; fileRef = B3D9B897B0AC2E7DDAD3E33A /* AppState.swift */; };
		47EE0CA5196C226DACC37F9B /* ScreenshotWatcher.swift in Sources */ = {isa = PBXBuildFile; fileRef = D03B2C128B25821ABBF9FE66 /* ScreenshotWatcher.swift */; };
		6622BC3455C8441A514F24DB /* ScreenshotStorage.swift in Sources */ = {isa = PBXBuildFile; fileRef = F8D5A662ADB0261EAC572567 /* ScreenshotStorage.swift */; };
		73A41C13D1C3614866700590 /* ScreenshotItem.swift in Sources */ = {isa = PBXBuildFile; fileRef = 5CB7D916B2DAB8390A70EDB4 /* ScreenshotItem.swift */; };
		7DD27D9DAC2F280E34F7DDF9 /* AsyncThumbnail.swift in Sources */ = {isa = PBXBuildFile; fileRef = AAF91A10FA4605B48A50F3A9 /* AsyncThumbnail.swift */; };
		7ED3987D5000E55380DC37D8 /* PopoverView.swift in Sources */ = {isa = PBXBuildFile; fileRef = 73F3357805D18555EECE5A99 /* PopoverView.swift */; };
		8785BD21067FE1100284343B /* VaultyShotApp.swift in Sources */ = {isa = PBXBuildFile; fileRef = 86F1680B537ABA6D65684957 /* VaultyShotApp.swift */; };
		A6DC2BF69FDCF03809A0B260 /* ClipboardWatcher.swift in Sources */ = {isa = PBXBuildFile; fileRef = 471CF7F283B4B6475679CC14 /* ClipboardWatcher.swift */; };
		D3860331572AEB9E5846441A /* ScreenshotRow.swift in Sources */ = {isa = PBXBuildFile; fileRef = 0F1FC65618D53EE9D0838E32 /* ScreenshotRow.swift */; };
		E2C84DF47E9DB4592773E83D /* EmptyStateView.swift in Sources */ = {isa = PBXBuildFile; fileRef = 729DE2817E4CC3EFE5418F65 /* EmptyStateView.swift */; };
/* End PBXBuildFile section */

/* Begin PBXFileReference section */
		0F1FC65618D53EE9D0838E32 /* ScreenshotRow.swift */ = {isa = PBXFileReference; lastKnownFileType = sourcecode.swift; path = ScreenshotRow.swift; sourceTree = "<group>"; };
		471CF7F283B4B6475679CC14 /* ClipboardWatcher.swift */ = {isa = PBXFileReference; lastKnownFileType = sourcecode.swift; path = ClipboardWatcher.swift; sourceTree = "<group>"; };
		5CB7D916B2DAB8390A70EDB4 /* ScreenshotItem.swift */ = {isa = PBXFileReference; lastKnownFileType = sourcecode.swift; path = ScreenshotItem.swift; sourceTree = "<group>"; };
		6007E33D9F27492A475AD16B /* Info.plist */ = {isa = PBXFileReference; lastKnownFileType = text.plist; path = Info.plist; sourceTree = "<group>"; };
		729DE2817E4CC3EFE5418F65 /* EmptyStateView.swift */ = {isa = PBXFileReference; lastKnownFileType = sourcecode.swift; path = EmptyStateView.swift; sourceTree = "<group>"; };
		73F3357805D18555EECE5A99 /* PopoverView.swift */ = {isa = PBXFileReference; lastKnownFileType = sourcecode.swift; path = PopoverView.swift; sourceTree = "<group>"; };
		86F1680B537ABA6D65684957 /* VaultyShotApp.swift */ = {isa = PBXFileReference; lastKnownFileType = sourcecode.swift; path = VaultyShotApp.swift; sourceTree = "<group>"; };
		8AD5B0CE8FE07BFB1F24738F /* VaultyShot.entitlements */ = {isa = PBXFileReference; lastKnownFileType = text.plist.entitlements; path = VaultyShot.entitlements; sourceTree = "<group>"; };
		AAF91A10FA4605B48A50F3A9 /* AsyncThumbnail.swift */ = {isa = PBXFileReference; lastKnownFileType = sourcecode.swift; path = AsyncThumbnail.swift; sourceTree = "<group>"; };
		ACDB16915AF1FF9D0A82C9B9 /* VaultyShot.app */ = {isa = PBXFileReference; explicitFileType = wrapper.application; includeInIndex = 0; path = VaultyShot.app; sourceTree = BUILT_PRODUCTS_DIR; };
		B3D9B897B0AC2E7DDAD3E33A /* AppState.swift */ = {isa = PBXFileReference; lastKnownFileType = sourcecode.swift; path = AppState.swift; sourceTree = "<group>"; };
		D03B2C128B25821ABBF9FE66 /* ScreenshotWatcher.swift */ = {isa = PBXFileReference; lastKnownFileType = sourcecode.swift; path = ScreenshotWatcher.swift; sourceTree = "<group>"; };
		F8D5A662ADB0261EAC572567 /* ScreenshotStorage.swift */ = {isa = PBXFileReference; lastKnownFileType = sourcecode.swift; path = ScreenshotStorage.swift; sourceTree = "<group>"; };
/* End PBXFileReference section */

/* Begin PBXGroup section */
		0BF54AFF41479BF38137B55E /* Products */ = {
			isa = PBXGroup;
			children = (
				ACDB16915AF1FF9D0A82C9B9 /* VaultyShot.app */,
			);
			name = Products;
			sourceTree = "<group>";
		};
		32A2A27BEA8B51E4AA2A268D /* Views */ = {
			isa = PBXGroup;
			children = (
				AAF91A10FA4605B48A50F3A9 /* AsyncThumbnail.swift */,
				729DE2817E4CC3EFE5418F65 /* EmptyStateView.swift */,
				73F3357805D18555EECE5A99 /* PopoverView.swift */,
				0F1FC65618D53EE9D0838E32 /* ScreenshotRow.swift */,
			);
			path = Views;
			sourceTree = "<group>";
		};
		7AE80CF5DFEEE455B88154D7 /* VaultyShot */ = {
			isa = PBXGroup;
			children = (
				B3D9B897B0AC2E7DDAD3E33A /* AppState.swift */,
				6007E33D9F27492A475AD16B /* Info.plist */,
				8AD5B0CE8FE07BFB1F24738F /* VaultyShot.entitlements */,
				86F1680B537ABA6D65684957 /* VaultyShotApp.swift */,
				DBB6D287777E7440A17D0704 /* Models */,
				ACFEB4FD108776CE4B025C61 /* Services */,
				32A2A27BEA8B51E4AA2A268D /* Views */,
			);
			path = VaultyShot;
			sourceTree = "<group>";
		};
		ACFEB4FD108776CE4B025C61 /* Services */ = {
			isa = PBXGroup;
			children = (
				471CF7F283B4B6475679CC14 /* ClipboardWatcher.swift */,
				F8D5A662ADB0261EAC572567 /* ScreenshotStorage.swift */,
				D03B2C128B25821ABBF9FE66 /* ScreenshotWatcher.swift */,
			);
			path = Services;
			sourceTree = "<group>";
		};
		B9FEFA10E52B7492383EEB27 = {
			isa = PBXGroup;
			children = (
				7AE80CF5DFEEE455B88154D7 /* VaultyShot */,
				0BF54AFF41479BF38137B55E /* Products */,
			);
			sourceTree = "<group>";
		};
		DBB6D287777E7440A17D0704 /* Models */ = {
			isa = PBXGroup;
			children = (
				5CB7D916B2DAB8390A70EDB4 /* ScreenshotItem.swift */,
			);
			path = Models;
			sourceTree = "<group>";
		};
/* End PBXGroup section */

/* Begin PBXNativeTarget section */
		8014CA3E49F92621AB6D5758 /* VaultyShot */ = {
			isa = PBXNativeTarget;
			buildConfigurationList = 85D6D76ED8067EFC925FC24E /* Build configuration list for PBXNativeTarget "VaultyShot" */;
			buildPhases = (
				6CB5C14CC6A3BC1551F38FFE /* Sources */,
			);
			buildRules = (
			);
			dependencies = (
			);
			name = VaultyShot;
			packageProductDependencies = (
			);
			productName = VaultyShot;
			productReference = ACDB16915AF1FF9D0A82C9B9 /* VaultyShot.app */;
			productType = "com.apple.product-type.application";
		};
/* End PBXNativeTarget section */

/* Begin PBXProject section */
		562C43C2E17E3435677AA389 /* Project object */ = {
			isa = PBXProject;
			attributes = {
				BuildIndependentTargetsInParallel = YES;
				LastUpgradeCheck = 1620;
				TargetAttributes = {
					8014CA3E49F92621AB6D5758 = {
						ProvisioningStyle = Manual;
					};
				};
			};
			buildConfigurationList = D711298E9E81DA45828C62AC /* Build configuration list for PBXProject "VaultyShot" */;
			developmentRegion = en;
			hasScannedForEncodings = 0;
			knownRegions = (
				Base,
				en,
			);
			mainGroup = B9FEFA10E52B7492383EEB27;
			minimizedProjectReferenceProxies = 1;
			preferredProjectObjectVersion = 77;
			productRefGroup = 0BF54AFF41479BF38137B55E /* Products */;
			projectDirPath = "";
			projectRoot = "";
			targets = (
				8014CA3E49F92621AB6D5758 /* VaultyShot */,
			);
		};
/* End PBXProject section */

/* Begin PBXSourcesBuildPhase section */
		6CB5C14CC6A3BC1551F38FFE /* Sources */ = {
			isa = PBXSourcesBuildPhase;
			buildActionMask = 2147483647;
			files = (
				0AD77EB1DCCAE776C9850005 /* AppState.swift in Sources */,
				7DD27D9DAC2F280E34F7DDF9 /* AsyncThumbnail.swift in Sources */,
				A6DC2BF69FDCF03809A0B260 /* ClipboardWatcher.swift in Sources */,
				E2C84DF47E9DB4592773E83D /* EmptyStateView.swift in Sources */,
				7ED3987D5000E55380DC37D8 /* PopoverView.swift in Sources */,
				73A41C13D1C3614866700590 /* ScreenshotItem.swift in Sources */,
				D3860331572AEB9E5846441A /* ScreenshotRow.swift in Sources */,
				6622BC3455C8441A514F24DB /* ScreenshotStorage.swift in Sources */,
				47EE0CA5196C226DACC37F9B /* ScreenshotWatcher.swift in Sources */,
				8785BD21067FE1100284343B /* VaultyShotApp.swift in Sources */,
			);
			runOnlyForDeploymentPostprocessing = 0;
		};
/* End PBXSourcesBuildPhase section */

/* Begin XCBuildConfiguration section */
		5D0EBE305E1CB3CF696A6A06 /* Release */ = {
			isa = XCBuildConfiguration;
			buildSettings = {
				ASSETCATALOG_COMPILER_APPICON_NAME = AppIcon;
				CODE_SIGN_ENTITLEMENTS = VaultyShot/VaultyShot.entitlements;
				CODE_SIGN_IDENTITY = "-";
				CODE_SIGN_STYLE = Manual;
				COMBINE_HIDPI_IMAGES = YES;
				GENERATE_INFOPLIST_FILE = NO;
				INFOPLIST_FILE = VaultyShot/Info.plist;
				LD_RUNPATH_SEARCH_PATHS = "@executable_path/../Frameworks";
				PRODUCT_BUNDLE_IDENTIFIER = com.nelahian.vaultyshot;
				SDKROOT = macosx;
			};
			name = Release;
		};
		9327528CBB563F54DEDFE9B8 /* Release */ = {
			isa = XCBuildConfiguration;
			buildSettings = {
				ALWAYS_SEARCH_USER_PATHS = NO;
				CLANG_ANALYZER_NONNULL = YES;
				CLANG_ANALYZER_NUMBER_OBJECT_CONVERSION = YES_AGGRESSIVE;
				CLANG_CXX_LANGUAGE_STANDARD = "gnu++14";
				CLANG_CXX_LIBRARY = "libc++";
				CLANG_ENABLE_MODULES = YES;
				CLANG_ENABLE_OBJC_ARC = YES;
				CLANG_ENABLE_OBJC_WEAK = YES;
				CLANG_WARN_BLOCK_CAPTURE_AUTORELEASING = YES;
				CLANG_WARN_BOOL_CONVERSION = YES;
				CLANG_WARN_COMMA = YES;
				CLANG_WARN_CONSTANT_CONVERSION = YES;
				CLANG_WARN_DEPRECATED_OBJC_IMPLEMENTATIONS = YES;
				CLANG_WARN_DIRECT_OBJC_ISA_USAGE = YES_ERROR;
				CLANG_WARN_DOCUMENTATION_COMMENTS = YES;
				CLANG_WARN_EMPTY_BODY = YES;
				CLANG_WARN_ENUM_CONVERSION = YES;
				CLANG_WARN_INFINITE_RECURSION = YES;
				CLANG_WARN_INT_CONVERSION = YES;
				CLANG_WARN_NON_LITERAL_NULL_CONVERSION = YES;
				CLANG_WARN_OBJC_IMPLICIT_RETAIN_SELF = YES;
				CLANG_WARN_OBJC_LITERAL_CONVERSION = YES;
				CLANG_WARN_OBJC_ROOT_CLASS = YES_ERROR;
				CLANG_WARN_QUOTED_INCLUDE_IN_FRAMEWORK_HEADER = YES;
				CLANG_WARN_RANGE_LOOP_ANALYSIS = YES;
				CLANG_WARN_STRICT_PROTOTYPES = YES;
				CLANG_WARN_SUSPICIOUS_MOVE = YES;
				CLANG_WARN_UNGUARDED_AVAILABILITY = YES_AGGRESSIVE;
				CLANG_WARN_UNREACHABLE_CODE = YES;
				CLANG_WARN__DUPLICATE_METHOD_MATCH = YES;
				COPY_PHASE_STRIP = NO;
				DEBUG_INFORMATION_FORMAT = "dwarf-with-dsym";
				ENABLE_NS_ASSERTIONS = NO;
				ENABLE_STRICT_OBJC_MSGSEND = YES;
				GCC_C_LANGUAGE_STANDARD = gnu11;
				GCC_NO_COMMON_BLOCKS = YES;
				GCC_WARN_64_TO_32_BIT_CONVERSION = YES;
				GCC_WARN_ABOUT_RETURN_TYPE = YES_ERROR;
				GCC_WARN_UNDECLARED_SELECTOR = YES;
				GCC_WARN_UNINITIALIZED_AUTOS = YES_AGGRESSIVE;
				GCC_WARN_UNUSED_FUNCTION = YES;
				GCC_WARN_UNUSED_VARIABLE = YES;
				MACOSX_DEPLOYMENT_TARGET = 14.0;
				MTL_ENABLE_DEBUG_INFO = NO;
				MTL_FAST_MATH = YES;
				PRODUCT_NAME = "$(TARGET_NAME)";
				SDKROOT = macosx;
				SWIFT_COMPILATION_MODE = wholemodule;
				SWIFT_OPTIMIZATION_LEVEL = "-O";
				SWIFT_VERSION = 5.9;
			};
			name = Release;
		};
		B34E86D8A992A9624BA518F5 /* Debug */ = {
			isa = XCBuildConfiguration;
			buildSettings = {
				ALWAYS_SEARCH_USER_PATHS = NO;
				CLANG_ANALYZER_NONNULL = YES;
				CLANG_ANALYZER_NUMBER_OBJECT_CONVERSION = YES_AGGRESSIVE;
				CLANG_CXX_LANGUAGE_STANDARD = "gnu++14";
				CLANG_CXX_LIBRARY = "libc++";
				CLANG_ENABLE_MODULES = YES;
				CLANG_ENABLE_OBJC_ARC = YES;
				CLANG_ENABLE_OBJC_WEAK = YES;
				CLANG_WARN_BLOCK_CAPTURE_AUTORELEASING = YES;
				CLANG_WARN_BOOL_CONVERSION = YES;
				CLANG_WARN_COMMA = YES;
				CLANG_WARN_CONSTANT_CONVERSION = YES;
				CLANG_WARN_DEPRECATED_OBJC_IMPLEMENTATIONS = YES;
				CLANG_WARN_DIRECT_OBJC_ISA_USAGE = YES_ERROR;
				CLANG_WARN_DOCUMENTATION_COMMENTS = YES;
				CLANG_WARN_EMPTY_BODY = YES;
				CLANG_WARN_ENUM_CONVERSION = YES;
				CLANG_WARN_INFINITE_RECURSION = YES;
				CLANG_WARN_INT_CONVERSION = YES;
				CLANG_WARN_NON_LITERAL_NULL_CONVERSION = YES;
				CLANG_WARN_OBJC_IMPLICIT_RETAIN_SELF = YES;
				CLANG_WARN_OBJC_LITERAL_CONVERSION = YES;
				CLANG_WARN_OBJC_ROOT_CLASS = YES_ERROR;
				CLANG_WARN_QUOTED_INCLUDE_IN_FRAMEWORK_HEADER = YES;
				CLANG_WARN_RANGE_LOOP_ANALYSIS = YES;
				CLANG_WARN_STRICT_PROTOTYPES = YES;
				CLANG_WARN_SUSPICIOUS_MOVE = YES;
				CLANG_WARN_UNGUARDED_AVAILABILITY = YES_AGGRESSIVE;
				CLANG_WARN_UNREACHABLE_CODE = YES;
				CLANG_WARN__DUPLICATE_METHOD_MATCH = YES;
				COPY_PHASE_STRIP = NO;
				DEBUG_INFORMATION_FORMAT = dwarf;
				ENABLE_STRICT_OBJC_MSGSEND = YES;
				ENABLE_TESTABILITY = YES;
				GCC_C_LANGUAGE_STANDARD = gnu11;
				GCC_DYNAMIC_NO_PIC = NO;
				GCC_NO_COMMON_BLOCKS = YES;
				GCC_OPTIMIZATION_LEVEL = 0;
				GCC_PREPROCESSOR_DEFINITIONS = (
					"$(inherited)",
					"DEBUG=1",
				);
				GCC_WARN_64_TO_32_BIT_CONVERSION = YES;
				GCC_WARN_ABOUT_RETURN_TYPE = YES_ERROR;
				GCC_WARN_UNDECLARED_SELECTOR = YES;
				GCC_WARN_UNINITIALIZED_AUTOS = YES_AGGRESSIVE;
				GCC_WARN_UNUSED_FUNCTION = YES;
				GCC_WARN_UNUSED_VARIABLE = YES;
				MACOSX_DEPLOYMENT_TARGET = 14.0;
				MTL_ENABLE_DEBUG_INFO = INCLUDE_SOURCE;
				MTL_FAST_MATH = YES;
				ONLY_ACTIVE_ARCH = YES;
				PRODUCT_NAME = "$(TARGET_NAME)";
				SDKROOT = macosx;
				SWIFT_ACTIVE_COMPILATION_CONDITIONS = DEBUG;
				SWIFT_OPTIMIZATION_LEVEL = "-Onone";
				SWIFT_VERSION = 5.9;
			};
			name = Debug;
		};
		C731EE631376959368B07035 /* Debug */ = {
			isa = XCBuildConfiguration;
			buildSettings = {
				ASSETCATALOG_COMPILER_APPICON_NAME = AppIcon;
				CODE_SIGN_ENTITLEMENTS = VaultyShot/VaultyShot.entitlements;
				CODE_SIGN_IDENTITY = "-";
				CODE_SIGN_STYLE = Manual;
				COMBINE_HIDPI_IMAGES = YES;
				GENERATE_INFOPLIST_FILE = NO;
				INFOPLIST_FILE = VaultyShot/Info.plist;
				LD_RUNPATH_SEARCH_PATHS = "@executable_path/../Frameworks";
				PRODUCT_BUNDLE_IDENTIFIER = com.nelahian.vaultyshot;
				SDKROOT = macosx;
			};
			name = Debug;
		};
/* End XCBuildConfiguration section */

/* Begin XCConfigurationList section */
		85D6D76ED8067EFC925FC24E /* Build configuration list for PBXNativeTarget "VaultyShot" */ = {
			isa = XCConfigurationList;
			buildConfigurations = (
				C731EE631376959368B07035 /* Debug */,
				5D0EBE305E1CB3CF696A6A06 /* Release */,
			);
			defaultConfigurationIsVisible = 0;
			defaultConfigurationName = Debug;
		};
		D711298E9E81DA45828C62AC /* Build configuration list for PBXProject "VaultyShot" */ = {
			isa = XCConfigurationList;
			buildConfigurations = (
				B34E86D8A992A9624BA518F5 /* Debug */,
				9327528CBB563F54DEDFE9B8 /* Release */,
			);
			defaultConfigurationIsVisible = 0;
			defaultConfigurationName = Debug;
		};
/* End XCConfigurationList section */
	};
	rootObject = 562C43C2E17E3435677AA389 /* Project object */;
}
